{
  "requires": true,
  "lockfileVersion": 1,
  "dependencies": {
    "node": {
      "version": "14.17.1",
      "resolved": "https://registry.npmjs.org/node/-/node-14.17.1.tgz",
      "integrity": "sha512-Ou0yj5tRPkXauOYc9bvN++Z2fXSIgKdeHGMKKPURmCUkoh22Cd8Ma35If4hzo6HiMg2N+RkPVaWmWgfAN8mVlw==",
      "requires": {
        "node-bin-setup": "^1.0.0"
      }
    },
    "node-bin-setup": {
      "version": "1.0.6",
      "resolved": "https://registry.npmjs.org/node-bin-setup/-/node-bin-setup-1.0.6.tgz",
      "integrity": "sha512-uPIxXNis1CRbv1DwqAxkgBk5NFV3s7cMN/Gf556jSw6jBvV7ca4F9lRL/8cALcZecRibeqU+5dFYqFFmzv5a0Q=="
    }
  }
}
